// !$*UTF8*$!
{
	archiveVersion = 1;
	classes = {
	};
	objectVersion = 50;
	objects = {

/* Begin PBXBuildFile section */
		B379F23B240D09A5005DD40F /* AppDelegate.swift in Sources */ = {isa = PBXBuildFile; fileRef = B379F23A240D09A5005DD40F /* AppDelegate.swift */; };
		B379F23D240D09A5005DD40F /* SceneDelegate.swift in Sources */ = {isa = PBXBuildFile; fileRef = B379F23C240D09A5005DD40F /* SceneDelegate.swift */; };
		B379F23F240D09A5005DD40F /* ViewController.swift in Sources */ = {isa = PBXBuildFile; fileRef = B379F23E240D09A5005DD40F /* ViewController.swift */; };
		B379F242240D09A5005DD40F /* Main.storyboard in Resources */ = {isa = PBXBuildFile; fileRef = B379F240240D09A5005DD40F /* Main.storyboard */; };
		B379F244240D09A7005DD40F /* Assets.xcassets in Resources */ = {isa = PBXBuildFile; fileRef = B379F243240D09A7005DD40F /* Assets.xcassets */; };
		B379F247240D09A7005DD40F /* LaunchScreen.storyboard in Resources */ = {isa = PBXBuildFile; fileRef = B379F245240D09A7005DD40F /* LaunchScreen.storyboard */; };
		B379F24F240D13A0005DD40F /* UIViewExtension.swift in Sources */ = {isa = PBXBuildFile; fileRef = B379F24E240D13A0005DD40F /* UIViewExtension.swift */; };
		B379F251240D4D8E005DD40F /* Animation.swift in Sources */ = {isa = PBXBuildFile; fileRef = B379F250240D4D8E005DD40F /* Animation.swift */; };
		B379F253240D4DAB005DD40F /* Constants.swift in Sources */ = {isa = PBXBuildFile; fileRef = B379F252240D4DAB005DD40F /* Constants.swift */; };
/* End PBXBuildFile section */

/* Begin PBXFileReference section */
		B379F237240D09A5005DD40F /* MenuAnimation.app */ = {isa = PBXFileReference; explicitFileType = wrapper.application; includeInIndex = 0; path = MenuAnimation.app; sourceTree = BUILT_PRODUCTS_DIR; };
		B379F23A240D09A5005DD40F /* AppDelegate.swift */ = {isa = PBXFileReference; lastKnownFileType = sourcecode.swift; path = AppDelegate.swift; sourceTree = "<group>"; };
		B379F23C240D09A5005DD40F /* SceneDelegate.swift */ = {isa = PBXFileReference; lastKnownFileType = sourcecode.swift; path = SceneDelegate.swift; sourceTree = "<group>"; };
		B379F23E240D09A5005DD40F /* ViewController.swift */ = {isa = PBXFileReference; lastKnownFileType = sourcecode.swift; path = ViewController.swift; sourceTree = "<group>"; };
		B379F241240D09A5005DD40F /* Base */ = {isa = PBXFileReference; lastKnownFileType = file.storyboard; name = Base; path = Base.lproj/Main.storyboard; sourceTree = "<group>"; };
		B379F243240D09A7005DD40F /* Assets.xcassets */ = {isa = PBXFileReference; lastKnownFileType = folder.assetcatalog; path = Assets.xcassets; sourceTree = "<group>"; };
		B379F246240D09A7005DD40F /* Base */ = {isa = PBXFileReference; lastKnownFileType = file.storyboard; name = Base; path = Base.lproj/LaunchScreen.storyboard; sourceTree = "<group>"; };
		B379F248240D09A7005DD40F /* Info.plist */ = {isa = PBXFileReference; lastKnownFileType = text.plist.xml; path = Info.plist; sourceTree = "<group>"; };
		B379F24E240D13A0005DD40F /* UIViewExtension.swift */ = {isa = PBXFileReference; lastKnownFileType = sourcecode.swift; path = UIViewExtension.swift; sourceTree = "<group>"; };
		B379F250240D4D8E005DD40F /* Animation.swift */ = {isa = PBXFileReference; lastKnownFileType = sourcecode.swift; path = Animation.swift; sourceTree = "<group>"; };
		B379F252240D4DAB005DD40F /* Constants.swift */ = {isa = PBXFileReference; lastKnownFileType = sourcecode.swift; path = Constants.swift; sourceTree = "<group>"; };
/* End PBXFileReference section */

/* Begin PBXFrameworksBuildPhase section */
		B379F234240D09A5005DD40F /* Frameworks */ = {
			isa = PBXFrameworksBuildPhase;
			buildActionMask = 2147483647;
			files = (
			);
			runOnlyForDeploymentPostprocessing = 0;
		};
/* End PBXFrameworksBuildPhase section */

/* Begin PBXGroup section */
		B379F22E240D09A5005DD40F = {
			isa = PBXGroup;
			children = (
				B379F239240D09A5005DD40F /* MenuAnimation */,
				B379F238240D09A5005DD40F /* Products */,
			);
			sourceTree = "<group>";
		};
		B379F238240D09A5005DD40F /* Products */ = {
			isa = PBXGroup;
			children = (
				B379F237240D09A5005DD40F /* MenuAnimation.app */,
			);
			name = Products;
			sourceTree = "<group>";
		};
		B379F239240D09A5005DD40F /* MenuAnimation */ = {
			isa = PBXGroup;
			children = (
				B379F257240D54ED005DD40F /* Modules */,
				B379F256240D54E5005DD40F /* Extensions */,
				B379F255240D54DC005DD40F /* Assets */,
				B379F254240D54CB005DD40F /* Supporting Files */,
			);
			path = MenuAnimation;
			sourceTree = "<group>";
		};
		B379F254240D54CB005DD40F /* Supporting Files */ = {
			isa = PBXGroup;
			children = (
				B379F245240D09A7005DD40F /* LaunchScreen.storyboard */,
				B379F23A240D09A5005DD40F /* AppDelegate.swift */,
				B379F248240D09A7005DD40F /* Info.plist */,
				B379F23C240D09A5005DD40F /* SceneDelegate.swift */,
			);
			path = "Supporting Files";
			sourceTree = "<group>";
		};
		B379F255240D54DC005DD40F /* Assets */ = {
			isa = PBXGroup;
			children = (
				B379F243240D09A7005DD40F /* Assets.xcassets */,
			);
			path = Assets;
			sourceTree = "<group>";
		};
		B379F256240D54E5005DD40F /* Extensions */ = {
			isa = PBXGroup;
			children = (
				B379F24E240D13A0005DD40F /* UIViewExtension.swift */,
			);
			path = Extensions;
			sourceTree = "<group>";
		};
		B379F257240D54ED005DD40F /* Modules */ = {
			isa = PBXGroup;
			children = (
				B379F258240D54F3005DD40F /* MenuAnimation */,
			);
			path = Modules;
			sourceTree = "<group>";
		};
		B379F258240D54F3005DD40F /* MenuAnimation */ = {
			isa = PBXGroup;
			children = (
				B379F252240D4DAB005DD40F /* Constants.swift */,
				B379F25B240D5507005DD40F /* Views */,
				B379F25A240D5501005DD40F /* ViewControllers */,
				B379F259240D54FD005DD40F /* Models */,
			);
			path = MenuAnimation;
			sourceTree = "<group>";
		};
		B379F259240D54FD005DD40F /* Models */ = {
			isa = PBXGroup;
			children = (
				B379F250240D4D8E005DD40F /* Animation.swift */,
			);
			path = Models;
			sourceTree = "<group>";
		};
		B379F25A240D5501005DD40F /* ViewControllers */ = {
			isa = PBXGroup;
			children = (
				B379F23E240D09A5005DD40F /* ViewController.swift */,
			);
			path = ViewControllers;
			sourceTree = "<group>";
		};
		B379F25B240D5507005DD40F /* Views */ = {
			isa = PBXGroup;
			children = (
				B379F240240D09A5005DD40F /* Main.storyboard */,
			);
			path = Views;
			sourceTree = "<group>";
		};
/* End PBXGroup section */

/* Begin PBXNativeTarget section */
		B379F236240D09A5005DD40F /* MenuAnimation */ = {
			isa = PBXNativeTarget;
			buildConfigurationList = B379F24B240D09A7005DD40F /* Build configuration list for PBXNativeTarget "MenuAnimation" */;
			buildPhases = (
				B379F233240D09A5005DD40F /* Sources */,
				B379F234240D09A5005DD40F /* Frameworks */,
				B379F235240D09A5005DD40F /* Resources */,
			);
			buildRules = (
			);
			dependencies = (
			);
			name = MenuAnimation;
			productName = MenuAnimation;
			productReference = B379F237240D09A5005DD40F /* MenuAnimation.app */;
			productType = "com.apple.product-type.application";
		};
/* End PBXNativeTarget section */

/* Begin PBXProject section */
		B379F22F240D09A5005DD40F /* Project object */ = {
			isa = PBXProject;
			attributes = {
				LastSwiftUpdateCheck = 1130;
				LastUpgradeCheck = 1130;
				ORGANIZATIONNAME = Erfan;
				TargetAttributes = {
					B379F236240D09A5005DD40F = {
						CreatedOnToolsVersion = 11.3.1;
					};
				};
			};
			buildConfigurationList = B379F232240D09A5005DD40F /* Build configuration list for PBXProject "MenuAnimation" */;
			compatibilityVersion = "Xcode 9.3";
			developmentRegion = en;
			hasScannedForEncodings = 0;
			knownRegions = (
				en,
				Base,
			);
			mainGroup = B379F22E240D09A5005DD40F;
			productRefGroup = B379F238240D09A5005DD40F /* Products */;
			projectDirPath = "";
			projectRoot = "";
			targets = (
				B379F236240D09A5005DD40F /* MenuAnimation */,
			);
		};
/* End PBXProject section */

/* Begin PBXResourcesBuildPhase section */
		B379F235240D09A5005DD40F /* Resources */ = {
			isa = PBXResourcesBuildPhase;
			buildActionMask = 2147483647;
			files = (
				B379F247240D09A7005DD40F /* LaunchScreen.storyboard in Resources */,
				B379F244240D09A7005DD40F /* Assets.xcassets in Resources */,
				B379F242240D09A5005DD40F /* Main.storyboard in Resources */,
			);
			runOnlyForDeploymentPostprocessing = 0;
		};
/* End PBXResourcesBuildPhase section */

/* Begin PBXSourcesBuildPhase section */
		B379F233240D09A5005DD40F /* Sources */ = {
			isa = PBXSourcesBuildPhase;
			buildActionMask = 2147483647;
			files = (
				B379F23F240D09A5005DD40F /* ViewController.swift in Sources */,
				B379F23B240D09A5005DD40F /* AppDelegate.swift in Sources */,
				B379F24F240D13A0005DD40F /* UIViewExtension.swift in Sources */,
				B379F251240D4D8E005DD40F /* Animation.swift in Sources */,
				B379F23D240D09A5005DD40F /* SceneDelegate.swift in Sources */,
				B379F253240D4DAB005DD40F /* Constants.swift in Sources */,
			);
			runOnlyForDeploymentPostprocessing = 0;
		};
/* End PBXSourcesBuildPhase section */

/* Begin PBXVariantGroup section */
		B379F240240D09A5005DD40F /* Main.storyboard */ = {
			isa = PBXVariantGroup;
			children = (
				B379F241240D09A5005DD40F /* Base */,
			);
			name = Main.storyboard;
			sourceTree = "<group>";
		};
		B379F245240D09A7005DD40F /* LaunchScreen.storyboard */ = {
			isa = PBXVariantGroup;
			children = (
				B379F246240D09A7005DD40F /* Base */,
			);
			name = LaunchScreen.storyboard;
			sourceTree = "<group>";
		};
/* End PBXVariantGroup section */

/* Begin XCBuildConfiguration section */
		B379F249240D09A7005DD40F /* Debug */ = {
			isa = XCBuildConfiguration;
			buildSettings = {
				ALWAYS_SEARCH_USER_PATHS = NO;
				CLANG_ANALYZER_NONNULL = YES;
				CLANG_ANALYZER_NUMBER_OBJECT_CONVERSION = YES_AGGRESSIVE;
				CLANG_CXX_LANGUAGE_STANDARD = "gnu++14";
				CLANG_CXX_LIBRARY = "libc++";
				CLANG_ENABLE_MODULES = YES;
				CLANG_ENABLE_OBJC_ARC = YES;
				CLANG_ENABLE_OBJC_WEAK = YES;
				CLANG_WARN_BLOCK_CAPTURE_AUTORELEASING = YES;
				CLANG_WARN_BOOL_CONVERSION = YES;
				CLANG_WARN_COMMA = YES;
				CLANG_WARN_CONSTANT_CONVERSION = YES;
				CLANG_WARN_DEPRECATED_OBJC_IMPLEMENTATIONS = YES;
				CLANG_WARN_DIRECT_OBJC_ISA_USAGE = YES_ERROR;
				CLANG_WARN_DOCUMENTATION_COMMENTS = YES;
				CLANG_WARN_EMPTY_BODY = YES;
				CLANG_WARN_ENUM_CONVERSION = YES;
				CLANG_WARN_INFINITE_RECURSION = YES;
				CLANG_WARN_INT_CONVERSION = YES;
				CLANG_WARN_NON_LITERAL_NULL_CONVERSION = YES;
				CLANG_WARN_OBJC_IMPLICIT_RETAIN_SELF = YES;
				CLANG_WARN_OBJC_LITERAL_CONVERSION = YES;
				CLANG_WARN_OBJC_ROOT_CLASS = YES_ERROR;
				CLANG_WARN_RANGE_LOOP_ANALYSIS = YES;
				CLANG_WARN_STRICT_PROTOTYPES = YES;
				CLANG_WARN_SUSPICIOUS_MOVE = YES;
				CLANG_WARN_UNGUARDED_AVAILABILITY = YES_AGGRESSIVE;
				CLANG_WARN_UNREACHABLE_CODE = YES;
				CLANG_WARN__DUPLICATE_METHOD_MATCH = YES;
				COPY_PHASE_STRIP = NO;
				DEBUG_INFORMATION_FORMAT = dwarf;
				ENABLE_STRICT_OBJC_MSGSEND = YES;
				ENABLE_TESTABILITY = YES;
				GCC_C_LANGUAGE_STANDARD = gnu11;
				GCC_DYNAMIC_NO_PIC = NO;
				GCC_NO_COMMON_BLOCKS = YES;
				GCC_OPTIMIZATION_LEVEL = 0;
				GCC_PREPROCESSOR_DEFINITIONS = (
					"DEBUG=1",
					"$(inherited)",
				);
				GCC_WARN_64_TO_32_BIT_CONVERSION = YES;
				GCC_WARN_ABOUT_RETURN_TYPE = YES_ERROR;
				GCC_WARN_UNDECLARED_SELECTOR = YES;
				GCC_WARN_UNINITIALIZED_AUTOS = YES_AGGRESSIVE;
				GCC_WARN_UNUSED_FUNCTION = YES;
				GCC_WARN_UNUSED_VARIABLE = YES;
				IPHONEOS_DEPLOYMENT_TARGET = 13.2;
				MTL_ENABLE_DEBUG_INFO = INCLUDE_SOURCE;
				MTL_FAST_MATH = YES;
				ONLY_ACTIVE_ARCH = YES;
				SDKROOT = iphoneos;
				SWIFT_ACTIVE_COMPILATION_CONDITIONS = DEBUG;
				SWIFT_OPTIMIZATION_LEVEL = "-Onone";
			};
			name = Debug;
		};
		B379F24A240D09A7005DD40F /* Release */ = {
			isa = XCBuildConfiguration;
			buildSettings = {
				ALWAYS_SEARCH_USER_PATHS = NO;
				CLANG_ANALYZER_NONNULL = YES;
				CLANG_ANALYZER_NUMBER_OBJECT_CONVERSION = YES_AGGRESSIVE;
				CLANG_CXX_LANGUAGE_STANDARD = "gnu++14";
				CLANG_CXX_LIBRARY = "libc++";
				CLANG_ENABLE_MODULES = YES;
				CLANG_ENABLE_OBJC_ARC = YES;
				CLANG_ENABLE_OBJC_WEAK = YES;
				CLANG_WARN_BLOCK_CAPTURE_AUTORELEASING = YES;
				CLANG_WARN_BOOL_CONVERSION = YES;
				CLANG_WARN_COMMA = YES;
				CLANG_WARN_CONSTANT_CONVERSION = YES;
				CLANG_WARN_DEPRECATED_OBJC_IMPLEMENTATIONS = YES;
				CLANG_WARN_DIRECT_OBJC_ISA_USAGE = YES_ERROR;
				CLANG_WARN_DOCUMENTATION_COMMENTS = YES;
				CLANG_WARN_EMPTY_BODY = YES;
				CLANG_WARN_ENUM_CONVERSION = YES;
				CLANG_WARN_INFINITE_RECURSION = YES;
				CLANG_WARN_INT_CONVERSION = YES;
				CLANG_WARN_NON_LITERAL_NULL_CONVERSION = YES;
				CLANG_WARN_OBJC_IMPLICIT_RETAIN_SELF = YES;
				CLANG_WARN_OBJC_LITERAL_CONVERSION = YES;
				CLANG_WARN_OBJC_ROOT_CLASS = YES_ERROR;
				CLANG_WARN_RANGE_LOOP_ANALYSIS = YES;
				CLANG_WARN_STRICT_PROTOTYPES = YES;
				CLANG_WARN_SUSPICIOUS_MOVE = YES;
				CLANG_WARN_UNGUARDED_AVAILABILITY = YES_AGGRESSIVE;
				CLANG_WARN_UNREACHABLE_CODE = YES;
				CLANG_WARN__DUPLICATE_METHOD_MATCH = YES;
				COPY_PHASE_STRIP = NO;
				DEBUG_INFORMATION_FORMAT = "dwarf-with-dsym";
				ENABLE_NS_ASSERTIONS = NO;
				ENABLE_STRICT_OBJC_MSGSEND = YES;
				GCC_C_LANGUAGE_STANDARD = gnu11;
				GCC_NO_COMMON_BLOCKS = YES;
				GCC_WARN_64_TO_32_BIT_CONVERSION = YES;
				GCC_WARN_ABOUT_RETURN_TYPE = YES_ERROR;
				GCC_WARN_UNDECLARED_SELECTOR = YES;
				GCC_WARN_UNINITIALIZED_AUTOS = YES_AGGRESSIVE;
				GCC_WARN_UNUSED_FUNCTION = YES;
				GCC_WARN_UNUSED_VARIABLE = YES;
				IPHONEOS_DEPLOYMENT_TARGET = 13.2;
				MTL_ENABLE_DEBUG_INFO = NO;
				MTL_FAST_MATH = YES;
				SDKROOT = iphoneos;
				SWIFT_COMPILATION_MODE = wholemodule;
				SWIFT_OPTIMIZATION_LEVEL = "-O";
				VALIDATE_PRODUCT = YES;
			};
			name = Release;
		};
		B379F24C240D09A7005DD40F /* Debug */ = {
			isa = XCBuildConfiguration;
			buildSettings = {
				ASSETCATALOG_COMPILER_APPICON_NAME = AppIcon;
				CODE_SIGN_STYLE = Automatic;
				DEVELOPMENT_TEAM = 54HDDP27D9;
				INFOPLIST_FILE = "MenuAnimation/Supporting Files/Info.plist";
				LD_RUNPATH_SEARCH_PATHS = (
					"$(inherited)",
					"@executable_path/Frameworks",
				);
				PRODUCT_BUNDLE_IDENTIFIER = com.MenuAnimation;
				PRODUCT_NAME = "$(TARGET_NAME)";
				SWIFT_VERSION = 5.0;
				TARGETED_DEVICE_FAMILY = "1,2";
			};
			name = Debug;
		};
		B379F24D240D09A7005DD40F /* Release */ = {
			isa = XCBuildConfiguration;
			buildSettings = {
				ASSETCATALOG_COMPILER_APPICON_NAME = AppIcon;
				CODE_SIGN_STYLE = Automatic;
				DEVELOPMENT_TEAM = 54HDDP27D9;
				INFOPLIST_FILE = "MenuAnimation/Supporting Files/Info.plist";
				LD_RUNPATH_SEARCH_PATHS = (
					"$(inherited)",
					"@executable_path/Frameworks",
				);
				PRODUCT_BUNDLE_IDENTIFIER = com.MenuAnimation;
				PRODUCT_NAME = "$(TARGET_NAME)";
				SWIFT_VERSION = 5.0;
				TARGETED_DEVICE_FAMILY = "1,2";
			};
			name = Release;
		};
/* End XCBuildConfiguration section */

/* Begin XCConfigurationList section */
		B379F232240D09A5005DD40F /* Build configuration list for PBXProject "MenuAnimation" */ = {
			isa = XCConfigurationList;
			buildConfigurations = (
				B379F249240D09A7005DD40F /* Debug */,
				B379F24A240D09A7005DD40F /* Release */,
			);
			defaultConfigurationIsVisible = 0;
			defaultConfigurationName = Release;
		};
		B379F24B240D09A7005DD40F /* Build configuration list for PBXNativeTarget "MenuAnimation" */ = {
			isa = XCConfigurationList;
			buildConfigurations = (
				B379F24C240D09A7005DD40F /* Debug */,
				B379F24D240D09A7005DD40F /* Release */,
			);
			defaultConfigurationIsVisible = 0;
			defaultConfigurationName = Release;
		};
/* End XCConfigurationList section */
	};
	rootObject = B379F22F240D09A5005DD40F /* Project object */;
}
